{
  "- 50.00% documented\n### Changed": [
    {
      "file": "CHANGELOG.md",
      "lines": [
        127,
        138
      ]
    }
  ],
  "// Use 'forwardPorts' to make a list of ports inside the container available locally.\n// \"forwardPorts\": [],": [
    {
      "file": ".devcontainer/devcontainer.json",
      "lines": [
        11,
        22
      ]
    }
  ],
  "bench_files = Dir[File.join(__dir__, \"benchmarks\", \"*.rb\")].sort\nif bench_files.empty?": [
    {
      "file": "Rakefile",
      "lines": [
        393,
        410
      ]
    }
  ],
  "data = JSON.parse(res.body)\nrun = data[\"workflow_runs\"]&.first": [
    {
      "file": "Rakefile",
      "lines": [
        537,
        563
      ]
    }
  ],
  "if bench_files.empty?\nputs \"No benchmark scripts found under benchmarks/.\"": [
    {
      "file": "Rakefile",
      "lines": [
        394,
        411
      ]
    }
  ],
  "req = Net::HTTP::Get.new(uri)\nreq[\"User-Agent\"] = \"ci:act rake task\"": [
    {
      "file": "Rakefile",
      "lines": [
        529,
        680
      ]
    }
  ]
}
