{
  "bin/prepare-commit-msg:60574733": [
    [16, 13, 76, "Lint/MixedRegexpCaptureTypes: Do not mix named captures and numbered captures in a Regexp literal.", 1400492948]
  ],
  "lib/silent_stream.rb:2403318326": [
    [40, 26, 6, "Style/GlobalStdStream: Use `$stdout` instead of `STDOUT`.", 3356722952],
    [71, 27, 6, "Style/FileNull: Use `File::NULL` instead of `NUL:`.", 3177874952],
    [71, 36, 11, "Style/FileNull: Use `File::NULL` instead of `/dev/null`.", 597636425],
    [79, 22, 6, "Style/GlobalStdStream: Use `$stderr` instead of `STDERR`.", 3356712163]
  ],
  "tests/test_silent_stream.rb:1705583368": [
    [34, 10, 18, "Lint/UselessDefined: Calling `defined?` with a symbol argument will always return a truthy value.", 441027044],
    [38, 19, 4, "Security/Eval: The use of `eval` is a serious security risk.", 2087429787],
    [38, 19, 18, "Style/EvalWithLocation: Pass a binding, `__FILE__`, and `__LINE__` to `eval`.", 2597340455],
    [73, 25, 6, "Style/GlobalStdStream: Use `$stdout` instead of `STDOUT`.", 3356722952],
    [80, 25, 6, "Style/GlobalStdStream: Use `$stdout` instead of `STDOUT`.", 3356722952],
    [85, 27, 6, "Style/GlobalStdStream: Use `$stdout` instead of `STDOUT`.", 3356722952],
    [86, 28, 6, "Style/GlobalStdStream: Use `$stdout` instead of `STDOUT`.", 3356722952],
    [86, 38, 6, "Style/GlobalStdStream: Use `$stdout` instead of `STDOUT`.", 3356722952],
    [87, 39, 6, "Style/GlobalStdStream: Use `$stdout` instead of `STDOUT`.", 3356722952],
    [102, 27, 6, "Style/GlobalStdStream: Use `$stdout` instead of `STDOUT`.", 3356722952],
    [103, 27, 6, "Style/GlobalStdStream: Use `$stderr` instead of `STDERR`.", 3356712163],
    [108, 39, 6, "Style/GlobalStdStream: Use `$stdout` instead of `STDOUT`.", 3356722952],
    [109, 39, 6, "Style/GlobalStdStream: Use `$stderr` instead of `STDERR`.", 3356712163],
    [154, 7, 7, "ThreadSafety/ClassInstanceVariable: Avoid class instance variables.", 842193521],
    [178, 25, 6, "Style/GlobalStdStream: Use `$stdout` instead of `STDOUT`.", 3356722952]
  ],
  "tests/test_silent_stream_extra.rb:1093118220": [
    [43, 5, 6, "Style/GlobalStdStream: Use `$stdout` instead of `STDOUT`.", 3356722952],
    [44, 5, 6, "Style/GlobalStdStream: Use `$stdout` instead of `STDOUT`.", 3356722952],
    [46, 5, 6, "Style/GlobalStdStream: Use `$stdout` instead of `STDOUT`.", 3356722952],
    [58, 5, 6, "Style/GlobalStdStream: Use `$stdout` instead of `STDOUT`.", 3356722952]
  ]
}
