{
  "bin/prepare-commit-msg:60574733": [
    [16, 13, 76, "Lint/MixedRegexpCaptureTypes: Do not mix named captures and numbered captures in a Regexp literal.", 1400492948]
  ],
  "gemfiles/modular/templating.gemfile:155879869": [
    [15, 3, 47, "Bundler/DuplicatedGem: Gem `tree_sitter_language_pack` requirements already given on line 11 of the Gemfile.", 3843603197]
  ],
  "lib/silent_stream.rb:2403318326": [
    [40, 26, 6, "Style/GlobalStdStream: Use `$stdout` instead of `STDOUT`.", 3356722952],
    [71, 27, 6, "Style/FileNull: Use `File::NULL` instead of `NUL:`.", 3177874952],
    [71, 36, 11, "Style/FileNull: Use `File::NULL` instead of `/dev/null`.", 597636425],
    [79, 22, 6, "Style/GlobalStdStream: Use `$stderr` instead of `STDERR`.", 3356712163]
  ]
}
